
Microsoft Visual Studio Solution File, Format Version 12.00
# Visual Studio 15
VisualStudioVersion = 15.0.28307.168
MinimumVisualStudioVersion = 10.0.40219.1
Project("{FAE04EC0-301F-11D3-BF4B-00C04F79EFBC}") = "Assignment3", "Assignment3\Assignment3.csproj", "{EC58E56C-DC83-42C3-99B2-F0A5C00C5022}"
EndProject
Global
	GlobalSection(SolutionConfigurationPlatforms) = preSolution
		Debug|Any CPU = Debug|Any CPU
		Release|Any CPU = Release|Any CPU
	EndGlobalSection
	GlobalSection(ProjectConfigurationPlatforms) = postSolution
		{EC58E56C-DC83-42C3-99B2-F0A5C00C5022}.Debug|Any CPU.ActiveCfg = Debug|Any CPU
		{EC58E56C-DC83-42C3-99B2-F0A5C00C5022}.Debug|Any CPU.Build.0 = Debug|Any CPU
		{EC58E56C-DC83-42C3-99B2-F0A5C00C5022}.Release|Any CPU.ActiveCfg = Release|Any CPU
		{EC58E56C-DC83-42C3-99B2-F0A5C00C5022}.Release|Any CPU.Build.0 = Release|Any CPU
	EndGlobalSection
	GlobalSection(SolutionProperties) = preSolution
		HideSolutionNode = FALSE
	EndGlobalSection
	GlobalSection(ExtensibilityGlobals) = postSolution
		SolutionGuid = {997F0EA1-BDB8-4118-83A7-B2287AAD1826}
	EndGlobalSection
EndGlobal
